
Microsoft Visual Studio Solution File, Format Version 12.00
# Visual Studio 14
VisualStudioVersion = 14.0.23107.0
MinimumVisualStudioVersion = 10.0.40219.1
Project("{FAE04EC0-301F-11D3-BF4B-00C04F79EFBC}") = "Spreadsheet", "Spreadsheet\Spreadsheet.csproj", "{91617569-C536-4302-A6BE-147CCAE46103}"
EndProject
Project("{FAE04EC0-301F-11D3-BF4B-00C04F79EFBC}") = "Resources", "Resources\Resources.csproj", "{59E10D36-8C04-4D1A-AC0E-6D3C1B376C47}"
EndProject
Project("{FAE04EC0-301F-11D3-BF4B-00C04F79EFBC}") = "SpreadsheetTests", "SpreadsheetTests\SpreadsheetTests.csproj", "{88FA47D4-136D-41F5-9C9F-0A1E6CCA259E}"
EndProject
Global
	GlobalSection(SolutionConfigurationPlatforms) = preSolution
		Debug|Any CPU = Debug|Any CPU
		Release|Any CPU = Release|Any CPU
	EndGlobalSection
	GlobalSection(ProjectConfigurationPlatforms) = postSolution
		{91617569-C536-4302-A6BE-147CCAE46103}.Debug|Any CPU.ActiveCfg = Debug|Any CPU
		{91617569-C536-4302-A6BE-147CCAE46103}.Debug|Any CPU.Build.0 = Debug|Any CPU
		{91617569-C536-4302-A6BE-147CCAE46103}.Release|Any CPU.ActiveCfg = Release|Any CPU
		{91617569-C536-4302-A6BE-147CCAE46103}.Release|Any CPU.Build.0 = Release|Any CPU
		{59E10D36-8C04-4D1A-AC0E-6D3C1B376C47}.Debug|Any CPU.ActiveCfg = Debug|Any CPU
		{59E10D36-8C04-4D1A-AC0E-6D3C1B376C47}.Release|Any CPU.ActiveCfg = Release|Any CPU
		{59E10D36-8C04-4D1A-AC0E-6D3C1B376C47}.Release|Any CPU.Build.0 = Release|Any CPU
		{88FA47D4-136D-41F5-9C9F-0A1E6CCA259E}.Debug|Any CPU.ActiveCfg = Debug|Any CPU
		{88FA47D4-136D-41F5-9C9F-0A1E6CCA259E}.Debug|Any CPU.Build.0 = Debug|Any CPU
		{88FA47D4-136D-41F5-9C9F-0A1E6CCA259E}.Release|Any CPU.ActiveCfg = Release|Any CPU
		{88FA47D4-136D-41F5-9C9F-0A1E6CCA259E}.Release|Any CPU.Build.0 = Release|Any CPU
	EndGlobalSection
	GlobalSection(SolutionProperties) = preSolution
		HideSolutionNode = FALSE
	EndGlobalSection
EndGlobal
